
Microsoft Visual Studio Solution File, Format Version 12.00
# Visual Studio 14
VisualStudioVersion = 14.0.25123.0
MinimumVisualStudioVersion = 10.0.40219.1
Project("{FAE04EC0-301F-11D3-BF4B-00C04F79EFBC}") = "xyz_sort", "xyz_sort\xyz_sort.csproj", "{3AD8CFA3-5CA9-4364-8D78-F07FC03808CD}"
EndProject
Project("{FAE04EC0-301F-11D3-BF4B-00C04F79EFBC}") = "xyz2grid", "xyz2grid\xyz2grid.csproj", "{9A7EF815-B2C8-4FD4-B9BC-0EA04211E85E}"
EndProject
Global
	GlobalSection(SolutionConfigurationPlatforms) = preSolution
		Debug|Any CPU = Debug|Any CPU
		Release|Any CPU = Release|Any CPU
	EndGlobalSection
	GlobalSection(ProjectConfigurationPlatforms) = postSolution
		{3AD8CFA3-5CA9-4364-8D78-F07FC03808CD}.Debug|Any CPU.ActiveCfg = Debug|Any CPU
		{3AD8CFA3-5CA9-4364-8D78-F07FC03808CD}.Debug|Any CPU.Build.0 = Debug|Any CPU
		{3AD8CFA3-5CA9-4364-8D78-F07FC03808CD}.Release|Any CPU.ActiveCfg = Release|Any CPU
		{3AD8CFA3-5CA9-4364-8D78-F07FC03808CD}.Release|Any CPU.Build.0 = Release|Any CPU
		{9A7EF815-B2C8-4FD4-B9BC-0EA04211E85E}.Debug|Any CPU.ActiveCfg = Debug|Any CPU
		{9A7EF815-B2C8-4FD4-B9BC-0EA04211E85E}.Debug|Any CPU.Build.0 = Debug|Any CPU
		{9A7EF815-B2C8-4FD4-B9BC-0EA04211E85E}.Release|Any CPU.ActiveCfg = Release|Any CPU
		{9A7EF815-B2C8-4FD4-B9BC-0EA04211E85E}.Release|Any CPU.Build.0 = Release|Any CPU
	EndGlobalSection
	GlobalSection(SolutionProperties) = preSolution
		HideSolutionNode = FALSE
	EndGlobalSection
EndGlobal
